{
  "name": "assessment-survey-js",
  "version": "0.0.1",
  "lockfileVersion": 2,
  "requires": true,
  "packages": {
    "": {
      "name": "assessment-survey-js",
      "version": "0.0.1",
      "license": "MIT",
      "devDependencies": {
        "typescript": "~4.8.3",
        "typescript-bundle": "^1.0.18"
      }
    },
    "node_modules/typescript": {
      "version": "4.8.3",
      "dev": true,
      "license": "Apache-2.0",
      "bin": {
        "tsc": "bin/tsc",
        "tsserver": "bin/tsserver"
      },
      "engines": {
        "node": ">=4.2.0"
      }
    },
    "node_modules/typescript-bundle": {
      "version": "1.0.18",
      "resolved": "https://registry.npmjs.org/typescript-bundle/-/typescript-bundle-1.0.18.tgz",
      "integrity": "sha512-ZtzMZPzW3bnL4c+jBjgSHxlnW9TdWQjFS5RLk4k0YJb85zv78rdslf13mKXUgHZjTeEyO8R59IQ4WqSdlEXhAw==",
      "dev": true,
      "bin": {
        "tsc-bundle": "tsc-bundle"
      }
    }
  },
  "dependencies": {
    "typescript": {
      "version": "4.8.3",
      "dev": true
    },
    "typescript-bundle": {
      "version": "1.0.18",
      "resolved": "https://registry.npmjs.org/typescript-bundle/-/typescript-bundle-1.0.18.tgz",
      "integrity": "sha512-ZtzMZPzW3bnL4c+jBjgSHxlnW9TdWQjFS5RLk4k0YJb85zv78rdslf13mKXUgHZjTeEyO8R59IQ4WqSdlEXhAw==",
      "dev": true
    }
  }
}
